
Microsoft Visual Studio Solution File, Format Version 12.00
# Visual Studio Version 17
VisualStudioVersion = 17.7.34024.191
MinimumVisualStudioVersion = 10.0.40219.1
Project("{9A19103F-16F7-4668-BE54-9A1E7A4F7556}") = "Lab3_PonomarevaFO", "Lab3_PonomarevaFO\Lab3_PonomarevaFO.csproj", "{867FACA8-26A5-4945-9754-5064E950B8A3}"
EndProject
Project("{FAE04EC0-301F-11D3-BF4B-00C04F79EFBC}") = "TestInt", "TestInt\TestInt.csproj", "{8B04DDC9-1B6D-4841-B04D-0564567B9121}"
EndProject
Global
	GlobalSection(SolutionConfigurationPlatforms) = preSolution
		Debug|Any CPU = Debug|Any CPU
		Release|Any CPU = Release|Any CPU
	EndGlobalSection
	GlobalSection(ProjectConfigurationPlatforms) = postSolution
		{867FACA8-26A5-4945-9754-5064E950B8A3}.Debug|Any CPU.ActiveCfg = Debug|Any CPU
		{867FACA8-26A5-4945-9754-5064E950B8A3}.Debug|Any CPU.Build.0 = Debug|Any CPU
		{867FACA8-26A5-4945-9754-5064E950B8A3}.Release|Any CPU.ActiveCfg = Release|Any CPU
		{867FACA8-26A5-4945-9754-5064E950B8A3}.Release|Any CPU.Build.0 = Release|Any CPU
		{8B04DDC9-1B6D-4841-B04D-0564567B9121}.Debug|Any CPU.ActiveCfg = Debug|Any CPU
		{8B04DDC9-1B6D-4841-B04D-0564567B9121}.Debug|Any CPU.Build.0 = Debug|Any CPU
		{8B04DDC9-1B6D-4841-B04D-0564567B9121}.Release|Any CPU.ActiveCfg = Release|Any CPU
		{8B04DDC9-1B6D-4841-B04D-0564567B9121}.Release|Any CPU.Build.0 = Release|Any CPU
	EndGlobalSection
	GlobalSection(SolutionProperties) = preSolution
		HideSolutionNode = FALSE
	EndGlobalSection
	GlobalSection(ExtensibilityGlobals) = postSolution
		SolutionGuid = {2B609877-CEC6-466D-BCC7-AAC76D3B8601}
	EndGlobalSection
EndGlobal
